
Microsoft Visual Studio Solution File, Format Version 12.00
# Visual Studio Version 17
VisualStudioVersion = 17.1.32228.430
MinimumVisualStudioVersion = 10.0.40219.1
Project("{FAE04EC0-301F-11D3-BF4B-00C04F79EFBC}") = "geogebra", "geogebra\geogebra.csproj", "{AD4FCA41-BC7A-48B8-B493-A6F3C8AB9DE6}"
EndProject
Global
	GlobalSection(SolutionConfigurationPlatforms) = preSolution
		Debug|Any CPU = Debug|Any CPU
		Release|Any CPU = Release|Any CPU
	EndGlobalSection
	GlobalSection(ProjectConfigurationPlatforms) = postSolution
		{AD4FCA41-BC7A-48B8-B493-A6F3C8AB9DE6}.Debug|Any CPU.ActiveCfg = Debug|Any CPU
		{AD4FCA41-BC7A-48B8-B493-A6F3C8AB9DE6}.Debug|Any CPU.Build.0 = Debug|Any CPU
		{AD4FCA41-BC7A-48B8-B493-A6F3C8AB9DE6}.Release|Any CPU.ActiveCfg = Release|Any CPU
		{AD4FCA41-BC7A-48B8-B493-A6F3C8AB9DE6}.Release|Any CPU.Build.0 = Release|Any CPU
	EndGlobalSection
	GlobalSection(SolutionProperties) = preSolution
		HideSolutionNode = FALSE
	EndGlobalSection
	GlobalSection(ExtensibilityGlobals) = postSolution
		SolutionGuid = {444A431F-FB93-4951-B8EE-16B3752807F4}
	EndGlobalSection
EndGlobal
